// !$*UTF8*$!
{
	archiveVersion = 1;
	classes = {
	};
	objectVersion = 46;
	objects = {

/* Begin PBXBuildFile section */
		0E0E47EA147BBC0D00AFC76E /* ActivityMenu.xib in Resources */ = {isa = PBXBuildFile; fileRef = 0E0E47D5147BBC0D00AFC76E /* ActivityMenu.xib */; };
		0E0E47EB147BBC0D00AFC76E /* background.png in Resources */ = {isa = PBXBuildFile; fileRef = 0E0E47D6147BBC0D00AFC76E /* background.png */; };
		0E0E47EC147BBC0D00AFC76E /* bg-linen-light.jpg in Resources */ = {isa = PBXBuildFile; fileRef = 0E0E47D7147BBC0D00AFC76E /* bg-linen-light.jpg */; };
		0E0E47ED147BBC0D00AFC76E /* Login.xib in Resources */ = {isa = PBXBuildFile; fileRef = 0E0E47D8147BBC0D00AFC76E /* Login.xib */; };
		0E0E47EE147BBC0D00AFC76E /* MainWindow.xib in Resources */ = {isa = PBXBuildFile; fileRef = 0E0E47D9147BBC0D00AFC76E /* MainWindow.xib */; };
		0E0E47EF147BBC0D00AFC76E /* Sales.Customer.Browse.xib in Resources */ = {isa = PBXBuildFile; fileRef = 0E0E47DA147BBC0D00AFC76E /* Sales.Customer.Browse.xib */; };
		0E0E47F0147BBC0D00AFC76E /* Sales.Customer.xib in Resources */ = {isa = PBXBuildFile; fileRef = 0E0E47DB147BBC0D00AFC76E /* Sales.Customer.xib */; };
		0E0E47F1147BBC0D00AFC76E /* TableCell2.xib in Resources */ = {isa = PBXBuildFile; fileRef = 0E0E47DC147BBC0D00AFC76E /* TableCell2.xib */; };
		0E0E47F2147BBC0D00AFC76E /* production_environment.xml in Resources */ = {isa = PBXBuildFile; fileRef = 0E0E47DE147BBC0D00AFC76E /* production_environment.xml */; };
		0E0E47F3147BBC0D00AFC76E /* InfoPlist.strings in Resources */ = {isa = PBXBuildFile; fileRef = 0E0E47E0147BBC0D00AFC76E /* InfoPlist.strings */; };
		0E0E47F5147BBC0D00AFC76E /* main.m in Sources */ = {isa = PBXBuildFile; fileRef = 0E0E47E4147BBC0D00AFC76E /* main.m */; };
		0E0E47F6147BBC0D00AFC76E /* Browse_Sales_Customer_ViewController.m in Sources */ = {isa = PBXBuildFile; fileRef = 0E0E47E7147BBC0D00AFC76E /* Browse_Sales_Customer_ViewController.m */; };
		0E0E47F7147BBC0D00AFC76E /* Sales_Customer_ViewController.m in Sources */ = {isa = PBXBuildFile; fileRef = 0E0E47E9147BBC0D00AFC76E /* Sales_Customer_ViewController.m */; };
		0E0E47FA147BBCB700AFC76E /* expanz-iOS-SDK.framework in Frameworks */ = {isa = PBXBuildFile; fileRef = 0E0E47F8147BBCB600AFC76E /* expanz-iOS-SDK.framework */; };
		0E0E47FB147BBCB700AFC76E /* Objection-iOS.framework in Frameworks */ = {isa = PBXBuildFile; fileRef = 0E0E47F9147BBCB600AFC76E /* Objection-iOS.framework */; };
		6BCF189B1476471000B068B9 /* (null) in Sources */ = {isa = PBXBuildFile; };
		6BF6F68F1473C3EF00B651AF /* UIKit.framework in Frameworks */ = {isa = PBXBuildFile; fileRef = 6BF6F68E1473C3EF00B651AF /* UIKit.framework */; };
		6BF6F6911473C3EF00B651AF /* Foundation.framework in Frameworks */ = {isa = PBXBuildFile; fileRef = 6BF6F6901473C3EF00B651AF /* Foundation.framework */; };
		6BF6F6931473C3EF00B651AF /* CoreGraphics.framework in Frameworks */ = {isa = PBXBuildFile; fileRef = 6BF6F6921473C3EF00B651AF /* CoreGraphics.framework */; };
		6BF6F6AC1473C5CB00B651AF /* QuartzCore.framework in Frameworks */ = {isa = PBXBuildFile; fileRef = 6BF6F6AB1473C5CB00B651AF /* QuartzCore.framework */; };
		6BF6F6AE1473C5E500B651AF /* MobileCoreServices.framework in Frameworks */ = {isa = PBXBuildFile; fileRef = 6BF6F6AD1473C5E500B651AF /* MobileCoreServices.framework */; };
		6BF6F6B01473C5FD00B651AF /* CFNetwork.framework in Frameworks */ = {isa = PBXBuildFile; fileRef = 6BF6F6AF1473C5FD00B651AF /* CFNetwork.framework */; };
		6BF6F6B21473C60400B651AF /* SystemConfiguration.framework in Frameworks */ = {isa = PBXBuildFile; fileRef = 6BF6F6B11473C60400B651AF /* SystemConfiguration.framework */; };
		6BF6F6B41473C62100B651AF /* libxml2.dylib in Frameworks */ = {isa = PBXBuildFile; fileRef = 6BF6F6B31473C62100B651AF /* libxml2.dylib */; };
		6BF6F6B61473C62C00B651AF /* libsqlite3.dylib in Frameworks */ = {isa = PBXBuildFile; fileRef = 6BF6F6B51473C62C00B651AF /* libsqlite3.dylib */; };
		6BF6F6B81473C63300B651AF /* libz.dylib in Frameworks */ = {isa = PBXBuildFile; fileRef = 6BF6F6B71473C63300B651AF /* libz.dylib */; };
/* End PBXBuildFile section */

/* Begin PBXFileReference section */
		0E0E47D5147BBC0D00AFC76E /* ActivityMenu.xib */ = {isa = PBXFileReference; fileEncoding = 4; lastKnownFileType = file.xib; path = ActivityMenu.xib; sourceTree = "<group>"; };
		0E0E47D6147BBC0D00AFC76E /* background.png */ = {isa = PBXFileReference; lastKnownFileType = image.png; path = background.png; sourceTree = "<group>"; };
		0E0E47D7147BBC0D00AFC76E /* bg-linen-light.jpg */ = {isa = PBXFileReference; lastKnownFileType = image.jpeg; path = "bg-linen-light.jpg"; sourceTree = "<group>"; };
		0E0E47D8147BBC0D00AFC76E /* Login.xib */ = {isa = PBXFileReference; fileEncoding = 4; lastKnownFileType = file.xib; path = Login.xib; sourceTree = "<group>"; };
		0E0E47D9147BBC0D00AFC76E /* MainWindow.xib */ = {isa = PBXFileReference; fileEncoding = 4; lastKnownFileType = file.xib; path = MainWindow.xib; sourceTree = "<group>"; };
		0E0E47DA147BBC0D00AFC76E /* Sales.Customer.Browse.xib */ = {isa = PBXFileReference; fileEncoding = 4; lastKnownFileType = file.xib; path = Sales.Customer.Browse.xib; sourceTree = "<group>"; };
		0E0E47DB147BBC0D00AFC76E /* Sales.Customer.xib */ = {isa = PBXFileReference; fileEncoding = 4; lastKnownFileType = file.xib; path = Sales.Customer.xib; sourceTree = "<group>"; };
		0E0E47DC147BBC0D00AFC76E /* TableCell2.xib */ = {isa = PBXFileReference; fileEncoding = 4; lastKnownFileType = file.xib; path = TableCell2.xib; sourceTree = "<group>"; };
		0E0E47DE147BBC0D00AFC76E /* production_environment.xml */ = {isa = PBXFileReference; fileEncoding = 4; lastKnownFileType = text.xml; path = production_environment.xml; sourceTree = "<group>"; };
		0E0E47E1147BBC0D00AFC76E /* en */ = {isa = PBXFileReference; lastKnownFileType = text.plist.strings; name = en; path = InfoPlist.strings; sourceTree = "<group>"; };
		0E0E47E2147BBC0D00AFC76E /* iOS-SDK-Examples-Info.plist */ = {isa = PBXFileReference; fileEncoding = 4; lastKnownFileType = text.plist.xml; path = "iOS-SDK-Examples-Info.plist"; sourceTree = "<group>"; };
		0E0E47E3147BBC0D00AFC76E /* iOS-SDK-Examples-Prefix.pch */ = {isa = PBXFileReference; fileEncoding = 4; lastKnownFileType = sourcecode.c.h; path = "iOS-SDK-Examples-Prefix.pch"; sourceTree = "<group>"; };
		0E0E47E4147BBC0D00AFC76E /* main.m */ = {isa = PBXFileReference; fileEncoding = 4; lastKnownFileType = sourcecode.c.objc; path = main.m; sourceTree = "<group>"; };
		0E0E47E6147BBC0D00AFC76E /* Browse_Sales_Customer_ViewController.h */ = {isa = PBXFileReference; fileEncoding = 4; lastKnownFileType = sourcecode.c.h; path = Browse_Sales_Customer_ViewController.h; sourceTree = "<group>"; };
		0E0E47E7147BBC0D00AFC76E /* Browse_Sales_Customer_ViewController.m */ = {isa = PBXFileReference; fileEncoding = 4; lastKnownFileType = sourcecode.c.objc; path = Browse_Sales_Customer_ViewController.m; sourceTree = "<group>"; };
		0E0E47E8147BBC0D00AFC76E /* Sales_Customer_ViewController.h */ = {isa = PBXFileReference; fileEncoding = 4; lastKnownFileType = sourcecode.c.h; path = Sales_Customer_ViewController.h; sourceTree = "<group>"; };
		0E0E47E9147BBC0D00AFC76E /* Sales_Customer_ViewController.m */ = {isa = PBXFileReference; fileEncoding = 4; lastKnownFileType = sourcecode.c.objc; path = Sales_Customer_ViewController.m; sourceTree = "<group>"; };
		0E0E47F8147BBCB600AFC76E /* expanz-iOS-SDK.framework */ = {isa = PBXFileReference; lastKnownFileType = wrapper.framework; name = "expanz-iOS-SDK.framework"; path = "../Dependencies/Frameworks/expanz-iOS-SDK.framework"; sourceTree = "<group>"; };
		0E0E47F9147BBCB600AFC76E /* Objection-iOS.framework */ = {isa = PBXFileReference; lastKnownFileType = wrapper.framework; name = "Objection-iOS.framework"; path = "../Dependencies/Frameworks/Objection-iOS.framework"; sourceTree = "<group>"; };
		6BF6F68A1473C3EF00B651AF /* SalesApplication.app */ = {isa = PBXFileReference; explicitFileType = wrapper.application; includeInIndex = 0; path = SalesApplication.app; sourceTree = BUILT_PRODUCTS_DIR; };
		6BF6F68E1473C3EF00B651AF /* UIKit.framework */ = {isa = PBXFileReference; lastKnownFileType = wrapper.framework; name = UIKit.framework; path = System/Library/Frameworks/UIKit.framework; sourceTree = SDKROOT; };
		6BF6F6901473C3EF00B651AF /* Foundation.framework */ = {isa = PBXFileReference; lastKnownFileType = wrapper.framework; name = Foundation.framework; path = System/Library/Frameworks/Foundation.framework; sourceTree = SDKROOT; };
		6BF6F6921473C3EF00B651AF /* CoreGraphics.framework */ = {isa = PBXFileReference; lastKnownFileType = wrapper.framework; name = CoreGraphics.framework; path = System/Library/Frameworks/CoreGraphics.framework; sourceTree = SDKROOT; };
		6BF6F6AB1473C5CB00B651AF /* QuartzCore.framework */ = {isa = PBXFileReference; lastKnownFileType = wrapper.framework; name = QuartzCore.framework; path = System/Library/Frameworks/QuartzCore.framework; sourceTree = SDKROOT; };
		6BF6F6AD1473C5E500B651AF /* MobileCoreServices.framework */ = {isa = PBXFileReference; lastKnownFileType = wrapper.framework; name = MobileCoreServices.framework; path = System/Library/Frameworks/MobileCoreServices.framework; sourceTree = SDKROOT; };
		6BF6F6AF1473C5FD00B651AF /* CFNetwork.framework */ = {isa = PBXFileReference; lastKnownFileType = wrapper.framework; name = CFNetwork.framework; path = System/Library/Frameworks/CFNetwork.framework; sourceTree = SDKROOT; };
		6BF6F6B11473C60400B651AF /* SystemConfiguration.framework */ = {isa = PBXFileReference; lastKnownFileType = wrapper.framework; name = SystemConfiguration.framework; path = System/Library/Frameworks/SystemConfiguration.framework; sourceTree = SDKROOT; };
		6BF6F6B31473C62100B651AF /* libxml2.dylib */ = {isa = PBXFileReference; lastKnownFileType = "compiled.mach-o.dylib"; name = libxml2.dylib; path = usr/lib/libxml2.dylib; sourceTree = SDKROOT; };
		6BF6F6B51473C62C00B651AF /* libsqlite3.dylib */ = {isa = PBXFileReference; lastKnownFileType = "compiled.mach-o.dylib"; name = libsqlite3.dylib; path = usr/lib/libsqlite3.dylib; sourceTree = SDKROOT; };
		6BF6F6B71473C63300B651AF /* libz.dylib */ = {isa = PBXFileReference; lastKnownFileType = "compiled.mach-o.dylib"; name = libz.dylib; path = usr/lib/libz.dylib; sourceTree = SDKROOT; };
/* End PBXFileReference section */

/* Begin PBXFrameworksBuildPhase section */
		6BF6F6871473C3EF00B651AF /* Frameworks */ = {
			isa = PBXFrameworksBuildPhase;
			buildActionMask = 2147483647;
			files = (
				6BF6F6B81473C63300B651AF /* libz.dylib in Frameworks */,
				6BF6F6B61473C62C00B651AF /* libsqlite3.dylib in Frameworks */,
				6BF6F6B41473C62100B651AF /* libxml2.dylib in Frameworks */,
				6BF6F6931473C3EF00B651AF /* CoreGraphics.framework in Frameworks */,
				6BF6F6B21473C60400B651AF /* SystemConfiguration.framework in Frameworks */,
				6BF6F6B01473C5FD00B651AF /* CFNetwork.framework in Frameworks */,
				6BF6F6AE1473C5E500B651AF /* MobileCoreServices.framework in Frameworks */,
				6BF6F6AC1473C5CB00B651AF /* QuartzCore.framework in Frameworks */,
				6BF6F68F1473C3EF00B651AF /* UIKit.framework in Frameworks */,
				6BF6F6911473C3EF00B651AF /* Foundation.framework in Frameworks */,
				0E0E47FA147BBCB700AFC76E /* expanz-iOS-SDK.framework in Frameworks */,
				0E0E47FB147BBCB700AFC76E /* Objection-iOS.framework in Frameworks */,
			);
			runOnlyForDeploymentPostprocessing = 0;
		};
/* End PBXFrameworksBuildPhase section */

/* Begin PBXGroup section */
		0E0E47D4147BBC0D00AFC76E /* Assets */ = {
			isa = PBXGroup;
			children = (
				0E0E47D5147BBC0D00AFC76E /* ActivityMenu.xib */,
				0E0E47D6147BBC0D00AFC76E /* background.png */,
				0E0E47D7147BBC0D00AFC76E /* bg-linen-light.jpg */,
				0E0E47D8147BBC0D00AFC76E /* Login.xib */,
				0E0E47D9147BBC0D00AFC76E /* MainWindow.xib */,
				0E0E47DA147BBC0D00AFC76E /* Sales.Customer.Browse.xib */,
				0E0E47DB147BBC0D00AFC76E /* Sales.Customer.xib */,
				0E0E47DC147BBC0D00AFC76E /* TableCell2.xib */,
			);
			path = Assets;
			sourceTree = "<group>";
		};
		0E0E47DD147BBC0D00AFC76E /* Config */ = {
			isa = PBXGroup;
			children = (
				0E0E47DE147BBC0D00AFC76E /* production_environment.xml */,
			);
			path = Config;
			sourceTree = "<group>";
		};
		0E0E47DF147BBC0D00AFC76E /* en.lproj */ = {
			isa = PBXGroup;
			children = (
				0E0E47E0147BBC0D00AFC76E /* InfoPlist.strings */,
			);
			path = en.lproj;
			sourceTree = "<group>";
		};
		0E0E47E5147BBC0D00AFC76E /* ViewControllers */ = {
			isa = PBXGroup;
			children = (
				0E0E47E6147BBC0D00AFC76E /* Browse_Sales_Customer_ViewController.h */,
				0E0E47E7147BBC0D00AFC76E /* Browse_Sales_Customer_ViewController.m */,
				0E0E47E8147BBC0D00AFC76E /* Sales_Customer_ViewController.h */,
				0E0E47E9147BBC0D00AFC76E /* Sales_Customer_ViewController.m */,
			);
			path = ViewControllers;
			sourceTree = "<group>";
		};
		6BF6F67F1473C3EE00B651AF = {
			isa = PBXGroup;
			children = (
				0E0E47D4147BBC0D00AFC76E /* Assets */,
				0E0E47DD147BBC0D00AFC76E /* Config */,
				0E0E47DF147BBC0D00AFC76E /* en.lproj */,
				0E0E47E2147BBC0D00AFC76E /* iOS-SDK-Examples-Info.plist */,
				0E0E47E3147BBC0D00AFC76E /* iOS-SDK-Examples-Prefix.pch */,
				0E0E47E4147BBC0D00AFC76E /* main.m */,
				0E0E47E5147BBC0D00AFC76E /* ViewControllers */,
				6BF6F68D1473C3EF00B651AF /* Frameworks */,
				6BF6F68B1473C3EF00B651AF /* Products */,
			);
			sourceTree = "<group>";
		};
		6BF6F68B1473C3EF00B651AF /* Products */ = {
			isa = PBXGroup;
			children = (
				6BF6F68A1473C3EF00B651AF /* SalesApplication.app */,
			);
			name = Products;
			sourceTree = "<group>";
		};
		6BF6F68D1473C3EF00B651AF /* Frameworks */ = {
			isa = PBXGroup;
			children = (
				0E0E47F8147BBCB600AFC76E /* expanz-iOS-SDK.framework */,
				0E0E47F9147BBCB600AFC76E /* Objection-iOS.framework */,
				6BF6F6B71473C63300B651AF /* libz.dylib */,
				6BF6F6B51473C62C00B651AF /* libsqlite3.dylib */,
				6BF6F6B31473C62100B651AF /* libxml2.dylib */,
				6BF6F6B11473C60400B651AF /* SystemConfiguration.framework */,
				6BF6F6AF1473C5FD00B651AF /* CFNetwork.framework */,
				6BF6F6AD1473C5E500B651AF /* MobileCoreServices.framework */,
				6BF6F6AB1473C5CB00B651AF /* QuartzCore.framework */,
				6BF6F68E1473C3EF00B651AF /* UIKit.framework */,
				6BF6F6901473C3EF00B651AF /* Foundation.framework */,
				6BF6F6921473C3EF00B651AF /* CoreGraphics.framework */,
			);
			name = Frameworks;
			sourceTree = "<group>";
		};
/* End PBXGroup section */

/* Begin PBXNativeTarget section */
		6BF6F6891473C3EF00B651AF /* SalesApplication */ = {
			isa = PBXNativeTarget;
			buildConfigurationList = 6BF6F6A21473C3EF00B651AF /* Build configuration list for PBXNativeTarget "SalesApplication" */;
			buildPhases = (
				6BF6F6861473C3EF00B651AF /* Sources */,
				6BF6F6871473C3EF00B651AF /* Frameworks */,
				6BF6F6881473C3EF00B651AF /* Resources */,
			);
			buildRules = (
			);
			dependencies = (
			);
			name = SalesApplication;
			productName = "iOS-SDK-Examples";
			productReference = 6BF6F68A1473C3EF00B651AF /* SalesApplication.app */;
			productType = "com.apple.product-type.application";
		};
/* End PBXNativeTarget section */

/* Begin PBXProject section */
		6BF6F6811473C3EE00B651AF /* Project object */ = {
			isa = PBXProject;
			attributes = {
				LastUpgradeCheck = 0420;
				ORGANIZATIONNAME = EXPANZ;
			};
			buildConfigurationList = 6BF6F6841473C3EE00B651AF /* Build configuration list for PBXProject "Sales App Zero Code" */;
			compatibilityVersion = "Xcode 3.2";
			developmentRegion = English;
			hasScannedForEncodings = 0;
			knownRegions = (
				en,
			);
			mainGroup = 6BF6F67F1473C3EE00B651AF;
			productRefGroup = 6BF6F68B1473C3EF00B651AF /* Products */;
			projectDirPath = "";
			projectRoot = "";
			targets = (
				6BF6F6891473C3EF00B651AF /* SalesApplication */,
			);
		};
/* End PBXProject section */

/* Begin PBXResourcesBuildPhase section */
		6BF6F6881473C3EF00B651AF /* Resources */ = {
			isa = PBXResourcesBuildPhase;
			buildActionMask = 2147483647;
			files = (
				0E0E47EA147BBC0D00AFC76E /* ActivityMenu.xib in Resources */,
				0E0E47EB147BBC0D00AFC76E /* background.png in Resources */,
				0E0E47EC147BBC0D00AFC76E /* bg-linen-light.jpg in Resources */,
				0E0E47ED147BBC0D00AFC76E /* Login.xib in Resources */,
				0E0E47EE147BBC0D00AFC76E /* MainWindow.xib in Resources */,
				0E0E47EF147BBC0D00AFC76E /* Sales.Customer.Browse.xib in Resources */,
				0E0E47F0147BBC0D00AFC76E /* Sales.Customer.xib in Resources */,
				0E0E47F1147BBC0D00AFC76E /* TableCell2.xib in Resources */,
				0E0E47F2147BBC0D00AFC76E /* production_environment.xml in Resources */,
				0E0E47F3147BBC0D00AFC76E /* InfoPlist.strings in Resources */,
			);
			runOnlyForDeploymentPostprocessing = 0;
		};
/* End PBXResourcesBuildPhase section */

/* Begin PBXSourcesBuildPhase section */
		6BF6F6861473C3EF00B651AF /* Sources */ = {
			isa = PBXSourcesBuildPhase;
			buildActionMask = 2147483647;
			files = (
				6BCF189B1476471000B068B9 /* (null) in Sources */,
				0E0E47F5147BBC0D00AFC76E /* main.m in Sources */,
				0E0E47F6147BBC0D00AFC76E /* Browse_Sales_Customer_ViewController.m in Sources */,
				0E0E47F7147BBC0D00AFC76E /* Sales_Customer_ViewController.m in Sources */,
			);
			runOnlyForDeploymentPostprocessing = 0;
		};
/* End PBXSourcesBuildPhase section */

/* Begin PBXVariantGroup section */
		0E0E47E0147BBC0D00AFC76E /* InfoPlist.strings */ = {
			isa = PBXVariantGroup;
			children = (
				0E0E47E1147BBC0D00AFC76E /* en */,
			);
			name = InfoPlist.strings;
			sourceTree = "<group>";
		};
/* End PBXVariantGroup section */

/* Begin XCBuildConfiguration section */
		6BF6F6A01473C3EF00B651AF /* Debug */ = {
			isa = XCBuildConfiguration;
			buildSettings = {
				ALWAYS_SEARCH_USER_PATHS = NO;
				ARCHS = "$(ARCHS_STANDARD_32_BIT)";
				"CODE_SIGN_IDENTITY[sdk=iphoneos*]" = "iPhone Developer";
				COPY_PHASE_STRIP = NO;
				GCC_C_LANGUAGE_STANDARD = gnu99;
				GCC_DYNAMIC_NO_PIC = NO;
				GCC_OPTIMIZATION_LEVEL = 0;
				GCC_PREPROCESSOR_DEFINITIONS = (
					"DEBUG=1",
					"$(inherited)",
				);
				GCC_SYMBOLS_PRIVATE_EXTERN = NO;
				GCC_VERSION = com.apple.compilers.llvm.clang.1_0;
				GCC_WARN_ABOUT_MISSING_PROTOTYPES = YES;
				GCC_WARN_ABOUT_RETURN_TYPE = YES;
				GCC_WARN_UNUSED_VARIABLE = YES;
				IPHONEOS_DEPLOYMENT_TARGET = 5.0;
				SDKROOT = iphoneos;
			};
			name = Debug;
		};
		6BF6F6A11473C3EF00B651AF /* Release */ = {
			isa = XCBuildConfiguration;
			buildSettings = {
				ALWAYS_SEARCH_USER_PATHS = NO;
				ARCHS = "$(ARCHS_STANDARD_32_BIT)";
				"CODE_SIGN_IDENTITY[sdk=iphoneos*]" = "iPhone Developer";
				COPY_PHASE_STRIP = YES;
				GCC_C_LANGUAGE_STANDARD = gnu99;
				GCC_VERSION = com.apple.compilers.llvm.clang.1_0;
				GCC_WARN_ABOUT_MISSING_PROTOTYPES = YES;
				GCC_WARN_ABOUT_RETURN_TYPE = YES;
				GCC_WARN_UNUSED_VARIABLE = YES;
				IPHONEOS_DEPLOYMENT_TARGET = 5.0;
				OTHER_CFLAGS = "-DNS_BLOCK_ASSERTIONS=1";
				SDKROOT = iphoneos;
				VALIDATE_PRODUCT = YES;
			};
			name = Release;
		};
		6BF6F6A31473C3EF00B651AF /* Debug */ = {
			isa = XCBuildConfiguration;
			buildSettings = {
				FRAMEWORK_SEARCH_PATHS = (
					"$(inherited)",
					"\"$(SRCROOT)/../Dependencies/Frameworks\"",
				);
				GCC_PRECOMPILE_PREFIX_HEADER = YES;
				GCC_PREFIX_HEADER = "iOS-SDK-Examples-Prefix.pch";
				HEADER_SEARCH_PATHS = $SDKROOT/usr/include/libxml2;
				INFOPLIST_FILE = "iOS-SDK-Examples-Info.plist";
				OTHER_LDFLAGS = "-ObjC";
				PRODUCT_NAME = "$(TARGET_NAME)";
				SDKROOT = iphoneos;
				WRAPPER_EXTENSION = app;
			};
			name = Debug;
		};
		6BF6F6A41473C3EF00B651AF /* Release */ = {
			isa = XCBuildConfiguration;
			buildSettings = {
				FRAMEWORK_SEARCH_PATHS = (
					"$(inherited)",
					"\"$(SRCROOT)/../Dependencies/Frameworks\"",
				);
				GCC_PRECOMPILE_PREFIX_HEADER = YES;
				GCC_PREFIX_HEADER = "iOS-SDK-Examples-Prefix.pch";
				HEADER_SEARCH_PATHS = $SDKROOT/usr/include/libxml2;
				INFOPLIST_FILE = "iOS-SDK-Examples-Info.plist";
				OTHER_LDFLAGS = "-ObjC";
				PRODUCT_NAME = "$(TARGET_NAME)";
				SDKROOT = iphoneos;
				WRAPPER_EXTENSION = app;
			};
			name = Release;
		};
/* End XCBuildConfiguration section */

/* Begin XCConfigurationList section */
		6BF6F6841473C3EE00B651AF /* Build configuration list for PBXProject "Sales App Zero Code" */ = {
			isa = XCConfigurationList;
			buildConfigurations = (
				6BF6F6A01473C3EF00B651AF /* Debug */,
				6BF6F6A11473C3EF00B651AF /* Release */,
			);
			defaultConfigurationIsVisible = 0;
			defaultConfigurationName = Release;
		};
		6BF6F6A21473C3EF00B651AF /* Build configuration list for PBXNativeTarget "SalesApplication" */ = {
			isa = XCConfigurationList;
			buildConfigurations = (
				6BF6F6A31473C3EF00B651AF /* Debug */,
				6BF6F6A41473C3EF00B651AF /* Release */,
			);
			defaultConfigurationIsVisible = 0;
			defaultConfigurationName = Release;
		};
/* End XCConfigurationList section */
	};
	rootObject = 6BF6F6811473C3EE00B651AF /* Project object */;
}
